
Microsoft Visual Studio Solution File, Format Version 12.00
# Visual Studio Version 17
VisualStudioVersion = 17.5.33516.290
MinimumVisualStudioVersion = 10.0.40219.1
Project("{FAE04EC0-301F-11D3-BF4B-00C04F79EFBC}") = "GermanTraining", "GermanTraining\GermanTraining.csproj", "{807A050F-52DF-489B-8C8D-8054CF65D0CF}"
EndProject
Global
	GlobalSection(SolutionConfigurationPlatforms) = preSolution
		Debug|Any CPU = Debug|Any CPU
		Release|Any CPU = Release|Any CPU
	EndGlobalSection
	GlobalSection(ProjectConfigurationPlatforms) = postSolution
		{807A050F-52DF-489B-8C8D-8054CF65D0CF}.Debug|Any CPU.ActiveCfg = Debug|Any CPU
		{807A050F-52DF-489B-8C8D-8054CF65D0CF}.Debug|Any CPU.Build.0 = Debug|Any CPU
		{807A050F-52DF-489B-8C8D-8054CF65D0CF}.Release|Any CPU.ActiveCfg = Release|Any CPU
		{807A050F-52DF-489B-8C8D-8054CF65D0CF}.Release|Any CPU.Build.0 = Release|Any CPU
	EndGlobalSection
	GlobalSection(SolutionProperties) = preSolution
		HideSolutionNode = FALSE
	EndGlobalSection
	GlobalSection(ExtensibilityGlobals) = postSolution
		SolutionGuid = {B573B712-351E-4C55-ACBF-7566AB5C5209}
	EndGlobalSection
EndGlobal
